
Microsoft Visual Studio Solution File, Format Version 12.00
# Visual Studio Version 17
VisualStudioVersion = 17.1.32414.318
MinimumVisualStudioVersion = 10.0.40219.1
Project("{9A19103F-16F7-4668-BE54-9A1E7A4F7556}") = "PappTest", "PappTest.csproj", "{30B48C4B-9DDA-4CBC-8BA6-D734E693144F}"
EndProject
Global
	GlobalSection(SolutionConfigurationPlatforms) = preSolution
		Debug|Any CPU = Debug|Any CPU
		Release|Any CPU = Release|Any CPU
	EndGlobalSection
	GlobalSection(ProjectConfigurationPlatforms) = postSolution
		{30B48C4B-9DDA-4CBC-8BA6-D734E693144F}.Debug|Any CPU.ActiveCfg = Debug|Any CPU
		{30B48C4B-9DDA-4CBC-8BA6-D734E693144F}.Debug|Any CPU.Build.0 = Debug|Any CPU
		{30B48C4B-9DDA-4CBC-8BA6-D734E693144F}.Release|Any CPU.ActiveCfg = Release|Any CPU
		{30B48C4B-9DDA-4CBC-8BA6-D734E693144F}.Release|Any CPU.Build.0 = Release|Any CPU
	EndGlobalSection
	GlobalSection(SolutionProperties) = preSolution
		HideSolutionNode = FALSE
	EndGlobalSection
	GlobalSection(ExtensibilityGlobals) = postSolution
		SolutionGuid = {D7107DBA-FE71-4AF7-9108-58570EA63B34}
	EndGlobalSection
EndGlobal
